
Microsoft Visual Studio Solution File, Format Version 12.00
# Visual Studio for Mac
Project("{FAE04EC0-301F-11D3-BF4B-00C04F79EFBC}") = "Assembly-CSharp", "Assembly-CSharp.csproj", "{CEEA4C6E-4133-51EF-C3CD-E78B2E7C201D}"
EndProject
Global
	GlobalSection(SolutionConfigurationPlatforms) = preSolution
		Debug|Any CPU = Debug|Any CPU
		Release|Any CPU = Release|Any CPU
	EndGlobalSection
	GlobalSection(ProjectConfigurationPlatforms) = postSolution
		{CEEA4C6E-4133-51EF-C3CD-E78B2E7C201D}.Debug|Any CPU.ActiveCfg = Debug|Any CPU
		{CEEA4C6E-4133-51EF-C3CD-E78B2E7C201D}.Debug|Any CPU.Build.0 = Debug|Any CPU
		{CEEA4C6E-4133-51EF-C3CD-E78B2E7C201D}.Release|Any CPU.ActiveCfg = Release|Any CPU
		{CEEA4C6E-4133-51EF-C3CD-E78B2E7C201D}.Release|Any CPU.Build.0 = Release|Any CPU
	EndGlobalSection
	GlobalSection(SolutionProperties) = preSolution
		HideSolutionNode = FALSE
	EndGlobalSection
	GlobalSection(MonoDevelopProperties) = preSolution
		StartupItem = Assembly-CSharp.csproj
	EndGlobalSection
EndGlobal
